
Microsoft Visual Studio Solution File, Format Version 12.00
# Visual Studio 2013
VisualStudioVersion = 12.0.21005.1
MinimumVisualStudioVersion = 10.0.40219.1
Project("{8BC9CEB8-8B4A-11D0-8D11-00A0C91BC942}") = "protection", "protection\protection.vcxproj", "{FA7EC13B-E085-4691-82E8-F74B3E05A68F}"
EndProject
Project("{8BC9CEB8-8B4A-11D0-8D11-00A0C91BC942}") = "driver_loader", "driver_loader\driver_loader.vcxproj", "{CB7F8236-DFD9-4D73-85F6-C4C6C658ACCD}"
EndProject
Global
	GlobalSection(SolutionConfigurationPlatforms) = preSolution
		Debug|Mixed Platforms = Debug|Mixed Platforms
		Debug|Win32 = Debug|Win32
		Debug|x64 = Debug|x64
		Release|Mixed Platforms = Release|Mixed Platforms
		Release|Win32 = Release|Win32
		Release|x64 = Release|x64
		Win7 Debug|Mixed Platforms = Win7 Debug|Mixed Platforms
		Win7 Debug|Win32 = Win7 Debug|Win32
		Win7 Debug|x64 = Win7 Debug|x64
		Win7 Release|Mixed Platforms = Win7 Release|Mixed Platforms
		Win7 Release|Win32 = Win7 Release|Win32
		Win7 Release|x64 = Win7 Release|x64
		Win8 Debug|Mixed Platforms = Win8 Debug|Mixed Platforms
		Win8 Debug|Win32 = Win8 Debug|Win32
		Win8 Debug|x64 = Win8 Debug|x64
		Win8 Release|Mixed Platforms = Win8 Release|Mixed Platforms
		Win8 Release|Win32 = Win8 Release|Win32
		Win8 Release|x64 = Win8 Release|x64
		Win8.1 Debug|Mixed Platforms = Win8.1 Debug|Mixed Platforms
		Win8.1 Debug|Win32 = Win8.1 Debug|Win32
		Win8.1 Debug|x64 = Win8.1 Debug|x64
		Win8.1 Release|Mixed Platforms = Win8.1 Release|Mixed Platforms
		Win8.1 Release|Win32 = Win8.1 Release|Win32
		Win8.1 Release|x64 = Win8.1 Release|x64
	EndGlobalSection
	GlobalSection(ProjectConfigurationPlatforms) = postSolution
		{FA7EC13B-E085-4691-82E8-F74B3E05A68F}.Debug|Mixed Platforms.ActiveCfg = Win8.1 Debug|Win32
		{FA7EC13B-E085-4691-82E8-F74B3E05A68F}.Debug|Mixed Platforms.Build.0 = Win8.1 Debug|Win32
		{FA7EC13B-E085-4691-82E8-F74B3E05A68F}.Debug|Mixed Platforms.Deploy.0 = Win8.1 Debug|Win32
		{FA7EC13B-E085-4691-82E8-F74B3E05A68F}.Debug|Win32.ActiveCfg = Win7 Debug|Win32
		{FA7EC13B-E085-4691-82E8-F74B3E05A68F}.Debug|Win32.Build.0 = Win7 Debug|Win32
		{FA7EC13B-E085-4691-82E8-F74B3E05A68F}.Debug|x64.ActiveCfg = Win8.1 Debug|x64
		{FA7EC13B-E085-4691-82E8-F74B3E05A68F}.Debug|x64.Build.0 = Win8.1 Debug|x64
		{FA7EC13B-E085-4691-82E8-F74B3E05A68F}.Debug|x64.Deploy.0 = Win8.1 Debug|x64
		{FA7EC13B-E085-4691-82E8-F74B3E05A68F}.Release|Mixed Platforms.ActiveCfg = Win8.1 Release|Win32
		{FA7EC13B-E085-4691-82E8-F74B3E05A68F}.Release|Mixed Platforms.Build.0 = Win8.1 Release|Win32
		{FA7EC13B-E085-4691-82E8-F74B3E05A68F}.Release|Mixed Platforms.Deploy.0 = Win8.1 Release|Win32
		{FA7EC13B-E085-4691-82E8-F74B3E05A68F}.Release|Win32.ActiveCfg = Win7 Release|Win32
		{FA7EC13B-E085-4691-82E8-F74B3E05A68F}.Release|Win32.Build.0 = Win7 Release|Win32
		{FA7EC13B-E085-4691-82E8-F74B3E05A68F}.Release|x64.ActiveCfg = Win7 Release|x64
		{FA7EC13B-E085-4691-82E8-F74B3E05A68F}.Release|x64.Build.0 = Win7 Release|x64
		{FA7EC13B-E085-4691-82E8-F74B3E05A68F}.Release|x64.Deploy.0 = Win7 Release|x64
		{FA7EC13B-E085-4691-82E8-F74B3E05A68F}.Win7 Debug|Mixed Platforms.ActiveCfg = Win7 Debug|Win32
		{FA7EC13B-E085-4691-82E8-F74B3E05A68F}.Win7 Debug|Mixed Platforms.Build.0 = Win7 Debug|Win32
		{FA7EC13B-E085-4691-82E8-F74B3E05A68F}.Win7 Debug|Mixed Platforms.Deploy.0 = Win7 Debug|Win32
		{FA7EC13B-E085-4691-82E8-F74B3E05A68F}.Win7 Debug|Win32.ActiveCfg = Win7 Debug|Win32
		{FA7EC13B-E085-4691-82E8-F74B3E05A68F}.Win7 Debug|Win32.Build.0 = Win7 Debug|Win32
		{FA7EC13B-E085-4691-82E8-F74B3E05A68F}.Win7 Debug|x64.ActiveCfg = Win7 Debug|x64
		{FA7EC13B-E085-4691-82E8-F74B3E05A68F}.Win7 Debug|x64.Build.0 = Win7 Debug|x64
		{FA7EC13B-E085-4691-82E8-F74B3E05A68F}.Win7 Debug|x64.Deploy.0 = Win7 Debug|x64
		{FA7EC13B-E085-4691-82E8-F74B3E05A68F}.Win7 Release|Mixed Platforms.ActiveCfg = Win7 Release|Win32
		{FA7EC13B-E085-4691-82E8-F74B3E05A68F}.Win7 Release|Mixed Platforms.Build.0 = Win7 Release|Win32
		{FA7EC13B-E085-4691-82E8-F74B3E05A68F}.Win7 Release|Mixed Platforms.Deploy.0 = Win7 Release|Win32
		{FA7EC13B-E085-4691-82E8-F74B3E05A68F}.Win7 Release|Win32.ActiveCfg = Win7 Release|Win32
		{FA7EC13B-E085-4691-82E8-F74B3E05A68F}.Win7 Release|Win32.Build.0 = Win7 Release|Win32
		{FA7EC13B-E085-4691-82E8-F74B3E05A68F}.Win7 Release|x64.ActiveCfg = Win7 Release|x64
		{FA7EC13B-E085-4691-82E8-F74B3E05A68F}.Win7 Release|x64.Build.0 = Win7 Release|x64
		{FA7EC13B-E085-4691-82E8-F74B3E05A68F}.Win7 Release|x64.Deploy.0 = Win7 Release|x64
		{FA7EC13B-E085-4691-82E8-F74B3E05A68F}.Win8 Debug|Mixed Platforms.ActiveCfg = Win8 Debug|Win32
		{FA7EC13B-E085-4691-82E8-F74B3E05A68F}.Win8 Debug|Mixed Platforms.Build.0 = Win8 Debug|Win32
		{FA7EC13B-E085-4691-82E8-F74B3E05A68F}.Win8 Debug|Mixed Platforms.Deploy.0 = Win8 Debug|Win32
		{FA7EC13B-E085-4691-82E8-F74B3E05A68F}.Win8 Debug|Win32.ActiveCfg = Win8 Debug|Win32
		{FA7EC13B-E085-4691-82E8-F74B3E05A68F}.Win8 Debug|Win32.Build.0 = Win8 Debug|Win32
		{FA7EC13B-E085-4691-82E8-F74B3E05A68F}.Win8 Debug|x64.ActiveCfg = Win8 Debug|x64
		{FA7EC13B-E085-4691-82E8-F74B3E05A68F}.Win8 Debug|x64.Build.0 = Win8 Debug|x64
		{FA7EC13B-E085-4691-82E8-F74B3E05A68F}.Win8 Debug|x64.Deploy.0 = Win8 Debug|x64
		{FA7EC13B-E085-4691-82E8-F74B3E05A68F}.Win8 Release|Mixed Platforms.ActiveCfg = Win8 Release|Win32
		{FA7EC13B-E085-4691-82E8-F74B3E05A68F}.Win8 Release|Mixed Platforms.Build.0 = Win8 Release|Win32
		{FA7EC13B-E085-4691-82E8-F74B3E05A68F}.Win8 Release|Mixed Platforms.Deploy.0 = Win8 Release|Win32
		{FA7EC13B-E085-4691-82E8-F74B3E05A68F}.Win8 Release|Win32.ActiveCfg = Win8 Release|Win32
		{FA7EC13B-E085-4691-82E8-F74B3E05A68F}.Win8 Release|Win32.Build.0 = Win8 Release|Win32
		{FA7EC13B-E085-4691-82E8-F74B3E05A68F}.Win8 Release|x64.ActiveCfg = Win8 Release|x64
		{FA7EC13B-E085-4691-82E8-F74B3E05A68F}.Win8 Release|x64.Build.0 = Win8 Release|x64
		{FA7EC13B-E085-4691-82E8-F74B3E05A68F}.Win8 Release|x64.Deploy.0 = Win8 Release|x64
		{FA7EC13B-E085-4691-82E8-F74B3E05A68F}.Win8.1 Debug|Mixed Platforms.ActiveCfg = Win8.1 Debug|Win32
		{FA7EC13B-E085-4691-82E8-F74B3E05A68F}.Win8.1 Debug|Mixed Platforms.Build.0 = Win8.1 Debug|Win32
		{FA7EC13B-E085-4691-82E8-F74B3E05A68F}.Win8.1 Debug|Mixed Platforms.Deploy.0 = Win8.1 Debug|Win32
		{FA7EC13B-E085-4691-82E8-F74B3E05A68F}.Win8.1 Debug|Win32.ActiveCfg = Win8.1 Debug|Win32
		{FA7EC13B-E085-4691-82E8-F74B3E05A68F}.Win8.1 Debug|Win32.Build.0 = Win8.1 Debug|Win32
		{FA7EC13B-E085-4691-82E8-F74B3E05A68F}.Win8.1 Debug|x64.ActiveCfg = Win8.1 Debug|x64
		{FA7EC13B-E085-4691-82E8-F74B3E05A68F}.Win8.1 Debug|x64.Build.0 = Win8.1 Debug|x64
		{FA7EC13B-E085-4691-82E8-F74B3E05A68F}.Win8.1 Debug|x64.Deploy.0 = Win8.1 Debug|x64
		{FA7EC13B-E085-4691-82E8-F74B3E05A68F}.Win8.1 Release|Mixed Platforms.ActiveCfg = Win8.1 Release|Win32
		{FA7EC13B-E085-4691-82E8-F74B3E05A68F}.Win8.1 Release|Mixed Platforms.Build.0 = Win8.1 Release|Win32
		{FA7EC13B-E085-4691-82E8-F74B3E05A68F}.Win8.1 Release|Mixed Platforms.Deploy.0 = Win8.1 Release|Win32
		{FA7EC13B-E085-4691-82E8-F74B3E05A68F}.Win8.1 Release|Win32.ActiveCfg = Win8.1 Release|Win32
		{FA7EC13B-E085-4691-82E8-F74B3E05A68F}.Win8.1 Release|Win32.Build.0 = Win8.1 Release|Win32
		{FA7EC13B-E085-4691-82E8-F74B3E05A68F}.Win8.1 Release|x64.ActiveCfg = Win8.1 Release|x64
		{FA7EC13B-E085-4691-82E8-F74B3E05A68F}.Win8.1 Release|x64.Build.0 = Win8.1 Release|x64
		{FA7EC13B-E085-4691-82E8-F74B3E05A68F}.Win8.1 Release|x64.Deploy.0 = Win8.1 Release|x64
		{CB7F8236-DFD9-4D73-85F6-C4C6C658ACCD}.Debug|Mixed Platforms.ActiveCfg = Debug|Win32
		{CB7F8236-DFD9-4D73-85F6-C4C6C658ACCD}.Debug|Mixed Platforms.Build.0 = Debug|Win32
		{CB7F8236-DFD9-4D73-85F6-C4C6C658ACCD}.Debug|Win32.ActiveCfg = Debug|Win32
		{CB7F8236-DFD9-4D73-85F6-C4C6C658ACCD}.Debug|Win32.Build.0 = Debug|Win32
		{CB7F8236-DFD9-4D73-85F6-C4C6C658ACCD}.Debug|x64.ActiveCfg = Debug|Win32
		{CB7F8236-DFD9-4D73-85F6-C4C6C658ACCD}.Release|Mixed Platforms.ActiveCfg = Release|Win32
		{CB7F8236-DFD9-4D73-85F6-C4C6C658ACCD}.Release|Mixed Platforms.Build.0 = Release|Win32
		{CB7F8236-DFD9-4D73-85F6-C4C6C658ACCD}.Release|Win32.ActiveCfg = Release|Win32
		{CB7F8236-DFD9-4D73-85F6-C4C6C658ACCD}.Release|Win32.Build.0 = Release|Win32
		{CB7F8236-DFD9-4D73-85F6-C4C6C658ACCD}.Release|x64.ActiveCfg = Release|Win32
		{CB7F8236-DFD9-4D73-85F6-C4C6C658ACCD}.Win7 Debug|Mixed Platforms.ActiveCfg = Debug|Win32
		{CB7F8236-DFD9-4D73-85F6-C4C6C658ACCD}.Win7 Debug|Mixed Platforms.Build.0 = Debug|Win32
		{CB7F8236-DFD9-4D73-85F6-C4C6C658ACCD}.Win7 Debug|Win32.ActiveCfg = Debug|Win32
		{CB7F8236-DFD9-4D73-85F6-C4C6C658ACCD}.Win7 Debug|Win32.Build.0 = Debug|Win32
		{CB7F8236-DFD9-4D73-85F6-C4C6C658ACCD}.Win7 Debug|x64.ActiveCfg = Debug|Win32
		{CB7F8236-DFD9-4D73-85F6-C4C6C658ACCD}.Win7 Release|Mixed Platforms.ActiveCfg = Release|Win32
		{CB7F8236-DFD9-4D73-85F6-C4C6C658ACCD}.Win7 Release|Mixed Platforms.Build.0 = Release|Win32
		{CB7F8236-DFD9-4D73-85F6-C4C6C658ACCD}.Win7 Release|Win32.ActiveCfg = Release|Win32
		{CB7F8236-DFD9-4D73-85F6-C4C6C658ACCD}.Win7 Release|Win32.Build.0 = Release|Win32
		{CB7F8236-DFD9-4D73-85F6-C4C6C658ACCD}.Win7 Release|x64.ActiveCfg = Release|Win32
		{CB7F8236-DFD9-4D73-85F6-C4C6C658ACCD}.Win8 Debug|Mixed Platforms.ActiveCfg = Debug|Win32
		{CB7F8236-DFD9-4D73-85F6-C4C6C658ACCD}.Win8 Debug|Mixed Platforms.Build.0 = Debug|Win32
		{CB7F8236-DFD9-4D73-85F6-C4C6C658ACCD}.Win8 Debug|Win32.ActiveCfg = Debug|Win32
		{CB7F8236-DFD9-4D73-85F6-C4C6C658ACCD}.Win8 Debug|Win32.Build.0 = Debug|Win32
		{CB7F8236-DFD9-4D73-85F6-C4C6C658ACCD}.Win8 Debug|x64.ActiveCfg = Debug|Win32
		{CB7F8236-DFD9-4D73-85F6-C4C6C658ACCD}.Win8 Release|Mixed Platforms.ActiveCfg = Release|Win32
		{CB7F8236-DFD9-4D73-85F6-C4C6C658ACCD}.Win8 Release|Mixed Platforms.Build.0 = Release|Win32
		{CB7F8236-DFD9-4D73-85F6-C4C6C658ACCD}.Win8 Release|Win32.ActiveCfg = Release|Win32
		{CB7F8236-DFD9-4D73-85F6-C4C6C658ACCD}.Win8 Release|Win32.Build.0 = Release|Win32
		{CB7F8236-DFD9-4D73-85F6-C4C6C658ACCD}.Win8 Release|x64.ActiveCfg = Release|Win32
		{CB7F8236-DFD9-4D73-85F6-C4C6C658ACCD}.Win8.1 Debug|Mixed Platforms.ActiveCfg = Debug|Win32
		{CB7F8236-DFD9-4D73-85F6-C4C6C658ACCD}.Win8.1 Debug|Mixed Platforms.Build.0 = Debug|Win32
		{CB7F8236-DFD9-4D73-85F6-C4C6C658ACCD}.Win8.1 Debug|Win32.ActiveCfg = Debug|Win32
		{CB7F8236-DFD9-4D73-85F6-C4C6C658ACCD}.Win8.1 Debug|Win32.Build.0 = Debug|Win32
		{CB7F8236-DFD9-4D73-85F6-C4C6C658ACCD}.Win8.1 Debug|x64.ActiveCfg = Debug|Win32
		{CB7F8236-DFD9-4D73-85F6-C4C6C658ACCD}.Win8.1 Release|Mixed Platforms.ActiveCfg = Release|Win32
		{CB7F8236-DFD9-4D73-85F6-C4C6C658ACCD}.Win8.1 Release|Mixed Platforms.Build.0 = Release|Win32
		{CB7F8236-DFD9-4D73-85F6-C4C6C658ACCD}.Win8.1 Release|Win32.ActiveCfg = Release|Win32
		{CB7F8236-DFD9-4D73-85F6-C4C6C658ACCD}.Win8.1 Release|Win32.Build.0 = Release|Win32
		{CB7F8236-DFD9-4D73-85F6-C4C6C658ACCD}.Win8.1 Release|x64.ActiveCfg = Release|Win32
	EndGlobalSection
	GlobalSection(SolutionProperties) = preSolution
		HideSolutionNode = FALSE
	EndGlobalSection
EndGlobal
